// !$*UTF8*$!
{
	archiveVersion = 1;
	classes = {
	};
	objectVersion = 56;
	objects = {

/* Begin PBXBuildFile section */
		020E6A1F2C3480E500210E44 /* UIUtilities.swift in Sources */ = {isa = PBXBuildFile; fileRef = 020E6A1E2C3480E500210E44 /* UIUtilities.swift */; };
		02A1B0BC2C2C032F001045BB /* SublimfoodApp.swift in Sources */ = {isa = PBXBuildFile; fileRef = 02A1B0BB2C2C032F001045BB /* SublimfoodApp.swift */; };
		02A1B0C02C2C0331001045BB /* Assets.xcassets in Resources */ = {isa = PBXBuildFile; fileRef = 02A1B0BF2C2C0331001045BB /* Assets.xcassets */; };
		02A1B0C32C2C0331001045BB /* Preview Assets.xcassets in Resources */ = {isa = PBXBuildFile; fileRef = 02A1B0C22C2C0331001045BB /* Preview Assets.xcassets */; };
		02BC5D3B2C2C2EFA0002CD98 /* TitleView.swift in Sources */ = {isa = PBXBuildFile; fileRef = 02BC5D3A2C2C2EFA0002CD98 /* TitleView.swift */; };
		02BC5D3F2C2C3DB90002CD98 /* IngredientButtonView.swift in Sources */ = {isa = PBXBuildFile; fileRef = 02BC5D3E2C2C3DB90002CD98 /* IngredientButtonView.swift */; };
		02BC5D412C2C58390002CD98 /* RecipeCardView.swift in Sources */ = {isa = PBXBuildFile; fileRef = 02BC5D402C2C58390002CD98 /* RecipeCardView.swift */; };
		02BC5D432C2C58490002CD98 /* CircleHeartFillView.swift in Sources */ = {isa = PBXBuildFile; fileRef = 02BC5D422C2C58490002CD98 /* CircleHeartFillView.swift */; };
		A549A7352C2D559700DF1E58 /* ArticleView.swift in Sources */ = {isa = PBXBuildFile; fileRef = A549A7342C2D559700DF1E58 /* ArticleView.swift */; };
		A549A7372C2D654300DF1E58 /* ArticleModel.swift in Sources */ = {isa = PBXBuildFile; fileRef = A549A7362C2D654300DF1E58 /* ArticleModel.swift */; };
		A54EE6DE2C2D94FE003866FE /* RecipeDetailView.swift in Sources */ = {isa = PBXBuildFile; fileRef = A54EE6DD2C2D94FE003866FE /* RecipeDetailView.swift */; };
		A554E0292C32F39500EC53D5 /* ShareLinkBtnView.swift in Sources */ = {isa = PBXBuildFile; fileRef = A554E0282C32F39500EC53D5 /* ShareLinkBtnView.swift */; };
		C3A7283D2C2D54CC009A7080 /* ButtonView.swift in Sources */ = {isa = PBXBuildFile; fileRef = C3A7283C2C2D54CC009A7080 /* ButtonView.swift */; };
		C3A7283F2C2ED915009A7080 /* RecipesListView.swift in Sources */ = {isa = PBXBuildFile; fileRef = C3A7283E2C2ED915009A7080 /* RecipesListView.swift */; };
		F5173F7D2C2D84BD004C96FD /* MainTabView.swift in Sources */ = {isa = PBXBuildFile; fileRef = F5173F7C2C2D84BD004C96FD /* MainTabView.swift */; };
		F51F73682C2C39A000B9D30B /* RecipeModel.swift in Sources */ = {isa = PBXBuildFile; fileRef = F51F73672C2C39A000B9D30B /* RecipeModel.swift */; };
		F51F736A2C2C3C7500B9D30B /* IngredientsListView.swift in Sources */ = {isa = PBXBuildFile; fileRef = F51F73692C2C3C7500B9D30B /* IngredientsListView.swift */; };
		F51F736C2C2D51EF00B9D30B /* ArticlesListView.swift in Sources */ = {isa = PBXBuildFile; fileRef = F51F736B2C2D51EF00B9D30B /* ArticlesListView.swift */; };
		F51F736E2C2D524900B9D30B /* FavoritesListView.swift in Sources */ = {isa = PBXBuildFile; fileRef = F51F736D2C2D524900B9D30B /* FavoritesListView.swift */; };
		F53E68292C32F998008D57C8 /* FavoritesManager.swift in Sources */ = {isa = PBXBuildFile; fileRef = F53E68282C32F998008D57C8 /* FavoritesManager.swift */; };
		F59F4F5A2C2E9D750076ED09 /* Ingredients.swift in Sources */ = {isa = PBXBuildFile; fileRef = F59F4F592C2E9D750076ED09 /* Ingredients.swift */; };
		F59F4F5C2C2E9D870076ED09 /* Recipes.swift in Sources */ = {isa = PBXBuildFile; fileRef = F59F4F5B2C2E9D870076ED09 /* Recipes.swift */; };
		F59F4F5E2C2E9D950076ED09 /* Articles.swift in Sources */ = {isa = PBXBuildFile; fileRef = F59F4F5D2C2E9D950076ED09 /* Articles.swift */; };
		F59F4F602C2EB1FF0076ED09 /* UserDefault+SavedIngredients.swift in Sources */ = {isa = PBXBuildFile; fileRef = F59F4F5F2C2EB1FF0076ED09 /* UserDefault+SavedIngredients.swift */; };
/* End PBXBuildFile section */

/* Begin PBXFileReference section */
		020E6A1E2C3480E500210E44 /* UIUtilities.swift */ = {isa = PBXFileReference; lastKnownFileType = sourcecode.swift; path = UIUtilities.swift; sourceTree = "<group>"; };
		02A1B0B82C2C032F001045BB /* sublimfood.app */ = {isa = PBXFileReference; explicitFileType = wrapper.application; includeInIndex = 0; path = sublimfood.app; sourceTree = BUILT_PRODUCTS_DIR; };
		02A1B0BB2C2C032F001045BB /* SublimfoodApp.swift */ = {isa = PBXFileReference; lastKnownFileType = sourcecode.swift; path = SublimfoodApp.swift; sourceTree = "<group>"; };
		02A1B0BF2C2C0331001045BB /* Assets.xcassets */ = {isa = PBXFileReference; lastKnownFileType = folder.assetcatalog; path = Assets.xcassets; sourceTree = "<group>"; };
		02A1B0C22C2C0331001045BB /* Preview Assets.xcassets */ = {isa = PBXFileReference; lastKnownFileType = folder.assetcatalog; path = "Preview Assets.xcassets"; sourceTree = "<group>"; };
		02BC5D3A2C2C2EFA0002CD98 /* TitleView.swift */ = {isa = PBXFileReference; lastKnownFileType = sourcecode.swift; path = TitleView.swift; sourceTree = "<group>"; };
		02BC5D3E2C2C3DB90002CD98 /* IngredientButtonView.swift */ = {isa = PBXFileReference; lastKnownFileType = sourcecode.swift; path = IngredientButtonView.swift; sourceTree = "<group>"; };
		02BC5D402C2C58390002CD98 /* RecipeCardView.swift */ = {isa = PBXFileReference; fileEncoding = 4; lastKnownFileType = sourcecode.swift; path = RecipeCardView.swift; sourceTree = "<group>"; };
		02BC5D422C2C58490002CD98 /* CircleHeartFillView.swift */ = {isa = PBXFileReference; fileEncoding = 4; lastKnownFileType = sourcecode.swift; path = CircleHeartFillView.swift; sourceTree = "<group>"; };
		A549A7342C2D559700DF1E58 /* ArticleView.swift */ = {isa = PBXFileReference; lastKnownFileType = sourcecode.swift; path = ArticleView.swift; sourceTree = "<group>"; };
		A549A7362C2D654300DF1E58 /* ArticleModel.swift */ = {isa = PBXFileReference; lastKnownFileType = sourcecode.swift; path = ArticleModel.swift; sourceTree = "<group>"; };
		A54EE6DD2C2D94FE003866FE /* RecipeDetailView.swift */ = {isa = PBXFileReference; lastKnownFileType = sourcecode.swift; path = RecipeDetailView.swift; sourceTree = "<group>"; };
		A554E0282C32F39500EC53D5 /* ShareLinkBtnView.swift */ = {isa = PBXFileReference; lastKnownFileType = sourcecode.swift; path = ShareLinkBtnView.swift; sourceTree = "<group>"; };
		C3A7283C2C2D54CC009A7080 /* ButtonView.swift */ = {isa = PBXFileReference; lastKnownFileType = sourcecode.swift; path = ButtonView.swift; sourceTree = "<group>"; };
		C3A7283E2C2ED915009A7080 /* RecipesListView.swift */ = {isa = PBXFileReference; lastKnownFileType = sourcecode.swift; path = RecipesListView.swift; sourceTree = "<group>"; };
		F5173F7C2C2D84BD004C96FD /* MainTabView.swift */ = {isa = PBXFileReference; lastKnownFileType = sourcecode.swift; path = MainTabView.swift; sourceTree = "<group>"; };
		F51F73672C2C39A000B9D30B /* RecipeModel.swift */ = {isa = PBXFileReference; lastKnownFileType = sourcecode.swift; path = RecipeModel.swift; sourceTree = "<group>"; };
		F51F73692C2C3C7500B9D30B /* IngredientsListView.swift */ = {isa = PBXFileReference; lastKnownFileType = sourcecode.swift; name = IngredientsListView.swift; path = sublimfood/Views/IngredientsListView.swift; sourceTree = SOURCE_ROOT; };
		F51F736B2C2D51EF00B9D30B /* ArticlesListView.swift */ = {isa = PBXFileReference; lastKnownFileType = sourcecode.swift; path = ArticlesListView.swift; sourceTree = "<group>"; };
		F51F736D2C2D524900B9D30B /* FavoritesListView.swift */ = {isa = PBXFileReference; lastKnownFileType = sourcecode.swift; path = FavoritesListView.swift; sourceTree = "<group>"; };
		F53E68282C32F998008D57C8 /* FavoritesManager.swift */ = {isa = PBXFileReference; lastKnownFileType = sourcecode.swift; path = FavoritesManager.swift; sourceTree = "<group>"; };
		F59F4F592C2E9D750076ED09 /* Ingredients.swift */ = {isa = PBXFileReference; lastKnownFileType = sourcecode.swift; path = Ingredients.swift; sourceTree = "<group>"; };
		F59F4F5B2C2E9D870076ED09 /* Recipes.swift */ = {isa = PBXFileReference; lastKnownFileType = sourcecode.swift; path = Recipes.swift; sourceTree = "<group>"; };
		F59F4F5D2C2E9D950076ED09 /* Articles.swift */ = {isa = PBXFileReference; lastKnownFileType = sourcecode.swift; path = Articles.swift; sourceTree = "<group>"; };
		F59F4F5F2C2EB1FF0076ED09 /* UserDefault+SavedIngredients.swift */ = {isa = PBXFileReference; lastKnownFileType = sourcecode.swift; path = "UserDefault+SavedIngredients.swift"; sourceTree = "<group>"; };
/* End PBXFileReference section */

/* Begin PBXFrameworksBuildPhase section */
		02A1B0B52C2C032F001045BB /* Frameworks */ = {
			isa = PBXFrameworksBuildPhase;
			buildActionMask = 2147483647;
			files = (
			);
			runOnlyForDeploymentPostprocessing = 0;
		};
/* End PBXFrameworksBuildPhase section */

/* Begin PBXGroup section */
		020E6A1D2C3480B600210E44 /* Utilities */ = {
			isa = PBXGroup;
			children = (
				020E6A1E2C3480E500210E44 /* UIUtilities.swift */,
			);
			path = Utilities;
			sourceTree = "<group>";
		};
		02173AEE2C2D6FA60017628A /* Recovered References */ = {
			isa = PBXGroup;
			children = (
			);
			name = "Recovered References";
			sourceTree = "<group>";
		};
		02A1B0AF2C2C032F001045BB = {
			isa = PBXGroup;
			children = (
				02A1B0BA2C2C032F001045BB /* sublimfood */,
				02A1B0B92C2C032F001045BB /* Products */,
				02173AEE2C2D6FA60017628A /* Recovered References */,
			);
			sourceTree = "<group>";
		};
		02A1B0B92C2C032F001045BB /* Products */ = {
			isa = PBXGroup;
			children = (
				02A1B0B82C2C032F001045BB /* sublimfood.app */,
			);
			name = Products;
			sourceTree = "<group>";
		};
		02A1B0BA2C2C032F001045BB /* sublimfood */ = {
			isa = PBXGroup;
			children = (
				F51F73652C2C374C00B9D30B /* App */,
				02A1B0BF2C2C0331001045BB /* Assets.xcassets */,
				02BC5D3C2C2C2F130002CD98 /* Components */,
				F59F4F582C2E9D490076ED09 /* Data */,
				F5173F802C2DA2A5004C96FD /* Extension */,
				F53E68272C32F974008D57C8 /* Manager */,
				F51F73662C2C395300B9D30B /* Model */,
				02A1B0C12C2C0331001045BB /* Preview Content */,
				020E6A1D2C3480B600210E44 /* Utilities */,
				02BC5D4A2C2C5A2E0002CD98 /* Views */,
			);
			path = sublimfood;
			sourceTree = "<group>";
		};
		02A1B0C12C2C0331001045BB /* Preview Content */ = {
			isa = PBXGroup;
			children = (
				02A1B0C22C2C0331001045BB /* Preview Assets.xcassets */,
			);
			path = "Preview Content";
			sourceTree = "<group>";
		};
		02BC5D3C2C2C2F130002CD98 /* Components */ = {
			isa = PBXGroup;
			children = (
				C3A7283C2C2D54CC009A7080 /* ButtonView.swift */,
				02BC5D3E2C2C3DB90002CD98 /* IngredientButtonView.swift */,
				A549A7302C2C49F700DF1E58 /* RecipeCardView */,
				02BC5D3A2C2C2EFA0002CD98 /* TitleView.swift */,
				A554E0282C32F39500EC53D5 /* ShareLinkBtnView.swift */,
			);
			path = Components;
			sourceTree = "<group>";
		};
		02BC5D4A2C2C5A2E0002CD98 /* Views */ = {
			isa = PBXGroup;
			children = (
				F51F736B2C2D51EF00B9D30B /* ArticlesListView.swift */,
				A549A7342C2D559700DF1E58 /* ArticleView.swift */,
				F51F736D2C2D524900B9D30B /* FavoritesListView.swift */,
				F51F73692C2C3C7500B9D30B /* IngredientsListView.swift */,
				F5173F7C2C2D84BD004C96FD /* MainTabView.swift */,
				A54EE6DD2C2D94FE003866FE /* RecipeDetailView.swift */,
				C3A7283E2C2ED915009A7080 /* RecipesListView.swift */,
			);
			path = Views;
			sourceTree = "<group>";
		};
		A549A7302C2C49F700DF1E58 /* RecipeCardView */ = {
			isa = PBXGroup;
			children = (
				A549A7312C2C4A0C00DF1E58 /* Components */,
				02BC5D402C2C58390002CD98 /* RecipeCardView.swift */,
			);
			path = RecipeCardView;
			sourceTree = "<group>";
		};
		A549A7312C2C4A0C00DF1E58 /* Components */ = {
			isa = PBXGroup;
			children = (
				02BC5D422C2C58490002CD98 /* CircleHeartFillView.swift */,
			);
			path = Components;
			sourceTree = "<group>";
		};
		F5173F802C2DA2A5004C96FD /* Extension */ = {
			isa = PBXGroup;
			children = (
				F59F4F5F2C2EB1FF0076ED09 /* UserDefault+SavedIngredients.swift */,
			);
			path = Extension;
			sourceTree = "<group>";
		};
		F51F73652C2C374C00B9D30B /* App */ = {
			isa = PBXGroup;
			children = (
				02A1B0BB2C2C032F001045BB /* SublimfoodApp.swift */,
			);
			path = App;
			sourceTree = "<group>";
		};
		F51F73662C2C395300B9D30B /* Model */ = {
			isa = PBXGroup;
			children = (
				A549A7362C2D654300DF1E58 /* ArticleModel.swift */,
				F51F73672C2C39A000B9D30B /* RecipeModel.swift */,
			);
			path = Model;
			sourceTree = "<group>";
		};
		F53E68272C32F974008D57C8 /* Manager */ = {
			isa = PBXGroup;
			children = (
				F53E68282C32F998008D57C8 /* FavoritesManager.swift */,
			);
			path = Manager;
			sourceTree = "<group>";
		};
		F59F4F582C2E9D490076ED09 /* Data */ = {
			isa = PBXGroup;
			children = (
				F59F4F5D2C2E9D950076ED09 /* Articles.swift */,
				F59F4F592C2E9D750076ED09 /* Ingredients.swift */,
				F59F4F5B2C2E9D870076ED09 /* Recipes.swift */,
			);
			path = Data;
			sourceTree = "<group>";
		};
/* End PBXGroup section */

/* Begin PBXNativeTarget section */
		02A1B0B72C2C032F001045BB /* sublimfood */ = {
			isa = PBXNativeTarget;
			buildConfigurationList = 02A1B0C62C2C0331001045BB /* Build configuration list for PBXNativeTarget "sublimfood" */;
			buildPhases = (
				02A1B0B42C2C032F001045BB /* Sources */,
				02A1B0B52C2C032F001045BB /* Frameworks */,
				02A1B0B62C2C032F001045BB /* Resources */,
			);
			buildRules = (
			);
			dependencies = (
			);
			name = sublimfood;
			productName = sublimfood;
			productReference = 02A1B0B82C2C032F001045BB /* sublimfood.app */;
			productType = "com.apple.product-type.application";
		};
/* End PBXNativeTarget section */

/* Begin PBXProject section */
		02A1B0B02C2C032F001045BB /* Project object */ = {
			isa = PBXProject;
			attributes = {
				BuildIndependentTargetsInParallel = 1;
				LastSwiftUpdateCheck = 1540;
				LastUpgradeCheck = 1540;
				TargetAttributes = {
					02A1B0B72C2C032F001045BB = {
						CreatedOnToolsVersion = 15.4;
					};
				};
			};
			buildConfigurationList = 02A1B0B32C2C032F001045BB /* Build configuration list for PBXProject "sublimfood" */;
			compatibilityVersion = "Xcode 14.0";
			developmentRegion = fr;
			hasScannedForEncodings = 0;
			knownRegions = (
				Base,
				fr,
			);
			mainGroup = 02A1B0AF2C2C032F001045BB;
			productRefGroup = 02A1B0B92C2C032F001045BB /* Products */;
			projectDirPath = "";
			projectRoot = "";
			targets = (
				02A1B0B72C2C032F001045BB /* sublimfood */,
			);
		};
/* End PBXProject section */

/* Begin PBXResourcesBuildPhase section */
		02A1B0B62C2C032F001045BB /* Resources */ = {
			isa = PBXResourcesBuildPhase;
			buildActionMask = 2147483647;
			files = (
				02A1B0C32C2C0331001045BB /* Preview Assets.xcassets in Resources */,
				02A1B0C02C2C0331001045BB /* Assets.xcassets in Resources */,
			);
			runOnlyForDeploymentPostprocessing = 0;
		};
/* End PBXResourcesBuildPhase section */

/* Begin PBXSourcesBuildPhase section */
		02A1B0B42C2C032F001045BB /* Sources */ = {
			isa = PBXSourcesBuildPhase;
			buildActionMask = 2147483647;
			files = (
				A549A7372C2D654300DF1E58 /* ArticleModel.swift in Sources */,
				02BC5D412C2C58390002CD98 /* RecipeCardView.swift in Sources */,
				C3A7283F2C2ED915009A7080 /* RecipesListView.swift in Sources */,
				02BC5D3F2C2C3DB90002CD98 /* IngredientButtonView.swift in Sources */,
				F59F4F602C2EB1FF0076ED09 /* UserDefault+SavedIngredients.swift in Sources */,
				C3A7283D2C2D54CC009A7080 /* ButtonView.swift in Sources */,
				020E6A1F2C3480E500210E44 /* UIUtilities.swift in Sources */,
				F51F736A2C2C3C7500B9D30B /* IngredientsListView.swift in Sources */,
				F59F4F5A2C2E9D750076ED09 /* Ingredients.swift in Sources */,
				02BC5D432C2C58490002CD98 /* CircleHeartFillView.swift in Sources */,
				F59F4F5C2C2E9D870076ED09 /* Recipes.swift in Sources */,
				F53E68292C32F998008D57C8 /* FavoritesManager.swift in Sources */,
				F51F73682C2C39A000B9D30B /* RecipeModel.swift in Sources */,
				A54EE6DE2C2D94FE003866FE /* RecipeDetailView.swift in Sources */,
				F51F736E2C2D524900B9D30B /* FavoritesListView.swift in Sources */,
				A554E0292C32F39500EC53D5 /* ShareLinkBtnView.swift in Sources */,
				02A1B0BC2C2C032F001045BB /* SublimfoodApp.swift in Sources */,
				A549A7352C2D559700DF1E58 /* ArticleView.swift in Sources */,
				F5173F7D2C2D84BD004C96FD /* MainTabView.swift in Sources */,
				F59F4F5E2C2E9D950076ED09 /* Articles.swift in Sources */,
				02BC5D3B2C2C2EFA0002CD98 /* TitleView.swift in Sources */,
				F51F736C2C2D51EF00B9D30B /* ArticlesListView.swift in Sources */,
			);
			runOnlyForDeploymentPostprocessing = 0;
		};
/* End PBXSourcesBuildPhase section */

/* Begin XCBuildConfiguration section */
		02A1B0C42C2C0331001045BB /* Debug */ = {
			isa = XCBuildConfiguration;
			buildSettings = {
				ALWAYS_SEARCH_USER_PATHS = NO;
				ASSETCATALOG_COMPILER_GENERATE_SWIFT_ASSET_SYMBOL_EXTENSIONS = YES;
				CLANG_ANALYZER_NONNULL = YES;
				CLANG_ANALYZER_NUMBER_OBJECT_CONVERSION = YES_AGGRESSIVE;
				CLANG_CXX_LANGUAGE_STANDARD = "gnu++20";
				CLANG_ENABLE_MODULES = YES;
				CLANG_ENABLE_OBJC_ARC = YES;
				CLANG_ENABLE_OBJC_WEAK = YES;
				CLANG_WARN_BLOCK_CAPTURE_AUTORELEASING = YES;
				CLANG_WARN_BOOL_CONVERSION = YES;
				CLANG_WARN_COMMA = YES;
				CLANG_WARN_CONSTANT_CONVERSION = YES;
				CLANG_WARN_DEPRECATED_OBJC_IMPLEMENTATIONS = YES;
				CLANG_WARN_DIRECT_OBJC_ISA_USAGE = YES_ERROR;
				CLANG_WARN_DOCUMENTATION_COMMENTS = YES;
				CLANG_WARN_EMPTY_BODY = YES;
				CLANG_WARN_ENUM_CONVERSION = YES;
				CLANG_WARN_INFINITE_RECURSION = YES;
				CLANG_WARN_INT_CONVERSION = YES;
				CLANG_WARN_NON_LITERAL_NULL_CONVERSION = YES;
				CLANG_WARN_OBJC_IMPLICIT_RETAIN_SELF = YES;
				CLANG_WARN_OBJC_LITERAL_CONVERSION = YES;
				CLANG_WARN_OBJC_ROOT_CLASS = YES_ERROR;
				CLANG_WARN_QUOTED_INCLUDE_IN_FRAMEWORK_HEADER = YES;
				CLANG_WARN_RANGE_LOOP_ANALYSIS = YES;
				CLANG_WARN_STRICT_PROTOTYPES = YES;
				CLANG_WARN_SUSPICIOUS_MOVE = YES;
				CLANG_WARN_UNGUARDED_AVAILABILITY = YES_AGGRESSIVE;
				CLANG_WARN_UNREACHABLE_CODE = YES;
				CLANG_WARN__DUPLICATE_METHOD_MATCH = YES;
				COPY_PHASE_STRIP = NO;
				DEBUG_INFORMATION_FORMAT = dwarf;
				ENABLE_STRICT_OBJC_MSGSEND = YES;
				ENABLE_TESTABILITY = YES;
				ENABLE_USER_SCRIPT_SANDBOXING = YES;
				GCC_C_LANGUAGE_STANDARD = gnu17;
				GCC_DYNAMIC_NO_PIC = NO;
				GCC_NO_COMMON_BLOCKS = YES;
				GCC_OPTIMIZATION_LEVEL = 0;
				GCC_PREPROCESSOR_DEFINITIONS = (
					"DEBUG=1",
					"$(inherited)",
				);
				GCC_WARN_64_TO_32_BIT_CONVERSION = YES;
				GCC_WARN_ABOUT_RETURN_TYPE = YES_ERROR;
				GCC_WARN_UNDECLARED_SELECTOR = YES;
				GCC_WARN_UNINITIALIZED_AUTOS = YES_AGGRESSIVE;
				GCC_WARN_UNUSED_FUNCTION = YES;
				GCC_WARN_UNUSED_VARIABLE = YES;
				INFOPLIST_KEY_UIStatusBarStyle = UIStatusBarStyleDefault;
				IPHONEOS_DEPLOYMENT_TARGET = 17.5;
				LOCALIZATION_PREFERS_STRING_CATALOGS = YES;
				MTL_ENABLE_DEBUG_INFO = INCLUDE_SOURCE;
				MTL_FAST_MATH = YES;
				ONLY_ACTIVE_ARCH = YES;
				SDKROOT = iphoneos;
				SWIFT_ACTIVE_COMPILATION_CONDITIONS = "DEBUG $(inherited)";
				SWIFT_OPTIMIZATION_LEVEL = "-Onone";
			};
			name = Debug;
		};
		02A1B0C52C2C0331001045BB /* Release */ = {
			isa = XCBuildConfiguration;
			buildSettings = {
				ALWAYS_SEARCH_USER_PATHS = NO;
				ASSETCATALOG_COMPILER_GENERATE_SWIFT_ASSET_SYMBOL_EXTENSIONS = YES;
				CLANG_ANALYZER_NONNULL = YES;
				CLANG_ANALYZER_NUMBER_OBJECT_CONVERSION = YES_AGGRESSIVE;
				CLANG_CXX_LANGUAGE_STANDARD = "gnu++20";
				CLANG_ENABLE_MODULES = YES;
				CLANG_ENABLE_OBJC_ARC = YES;
				CLANG_ENABLE_OBJC_WEAK = YES;
				CLANG_WARN_BLOCK_CAPTURE_AUTORELEASING = YES;
				CLANG_WARN_BOOL_CONVERSION = YES;
				CLANG_WARN_COMMA = YES;
				CLANG_WARN_CONSTANT_CONVERSION = YES;
				CLANG_WARN_DEPRECATED_OBJC_IMPLEMENTATIONS = YES;
				CLANG_WARN_DIRECT_OBJC_ISA_USAGE = YES_ERROR;
				CLANG_WARN_DOCUMENTATION_COMMENTS = YES;
				CLANG_WARN_EMPTY_BODY = YES;
				CLANG_WARN_ENUM_CONVERSION = YES;
				CLANG_WARN_INFINITE_RECURSION = YES;
				CLANG_WARN_INT_CONVERSION = YES;
				CLANG_WARN_NON_LITERAL_NULL_CONVERSION = YES;
				CLANG_WARN_OBJC_IMPLICIT_RETAIN_SELF = YES;
				CLANG_WARN_OBJC_LITERAL_CONVERSION = YES;
				CLANG_WARN_OBJC_ROOT_CLASS = YES_ERROR;
				CLANG_WARN_QUOTED_INCLUDE_IN_FRAMEWORK_HEADER = YES;
				CLANG_WARN_RANGE_LOOP_ANALYSIS = YES;
				CLANG_WARN_STRICT_PROTOTYPES = YES;
				CLANG_WARN_SUSPICIOUS_MOVE = YES;
				CLANG_WARN_UNGUARDED_AVAILABILITY = YES_AGGRESSIVE;
				CLANG_WARN_UNREACHABLE_CODE = YES;
				CLANG_WARN__DUPLICATE_METHOD_MATCH = YES;
				COPY_PHASE_STRIP = NO;
				DEBUG_INFORMATION_FORMAT = "dwarf-with-dsym";
				ENABLE_NS_ASSERTIONS = NO;
				ENABLE_STRICT_OBJC_MSGSEND = YES;
				ENABLE_USER_SCRIPT_SANDBOXING = YES;
				GCC_C_LANGUAGE_STANDARD = gnu17;
				GCC_NO_COMMON_BLOCKS = YES;
				GCC_WARN_64_TO_32_BIT_CONVERSION = YES;
				GCC_WARN_ABOUT_RETURN_TYPE = YES_ERROR;
				GCC_WARN_UNDECLARED_SELECTOR = YES;
				GCC_WARN_UNINITIALIZED_AUTOS = YES_AGGRESSIVE;
				GCC_WARN_UNUSED_FUNCTION = YES;
				GCC_WARN_UNUSED_VARIABLE = YES;
				INFOPLIST_KEY_UIStatusBarStyle = UIStatusBarStyleDefault;
				IPHONEOS_DEPLOYMENT_TARGET = 17.5;
				LOCALIZATION_PREFERS_STRING_CATALOGS = YES;
				MTL_ENABLE_DEBUG_INFO = NO;
				MTL_FAST_MATH = YES;
				SDKROOT = iphoneos;
				SWIFT_COMPILATION_MODE = wholemodule;
				VALIDATE_PRODUCT = YES;
			};
			name = Release;
		};
		02A1B0C72C2C0331001045BB /* Debug */ = {
			isa = XCBuildConfiguration;
			buildSettings = {
				ASSETCATALOG_COMPILER_APPICON_NAME = AppIcon;
				ASSETCATALOG_COMPILER_GLOBAL_ACCENT_COLOR_NAME = AccentColor;
				CODE_SIGN_STYLE = Automatic;
				CURRENT_PROJECT_VERSION = 1;
				DEVELOPMENT_ASSET_PATHS = "\"sublimfood/Preview Content\"";
				DEVELOPMENT_TEAM = 3AXZGTW2X8;
				ENABLE_PREVIEWS = YES;
				GENERATE_INFOPLIST_FILE = YES;
				INFOPLIST_KEY_UIApplicationSceneManifest_Generation = YES;
				INFOPLIST_KEY_UIApplicationSupportsIndirectInputEvents = YES;
				INFOPLIST_KEY_UILaunchScreen_Generation = YES;
				INFOPLIST_KEY_UIStatusBarStyle = UIStatusBarStyleDefault;
				INFOPLIST_KEY_UISupportedInterfaceOrientations = UIInterfaceOrientationPortrait;
				LD_RUNPATH_SEARCH_PATHS = (
					"$(inherited)",
					"@executable_path/Frameworks",
				);
				MARKETING_VERSION = 1.0;
				PRODUCT_BUNDLE_IDENTIFIER = com.sublimfood.sublimfood;
				PRODUCT_NAME = "$(TARGET_NAME)";
				SUPPORTED_PLATFORMS = "iphoneos iphonesimulator";
				SUPPORTS_MACCATALYST = NO;
				SUPPORTS_MAC_DESIGNED_FOR_IPHONE_IPAD = NO;
				SUPPORTS_XR_DESIGNED_FOR_IPHONE_IPAD = NO;
				SWIFT_EMIT_LOC_STRINGS = YES;
				SWIFT_VERSION = 5.0;
				TARGETED_DEVICE_FAMILY = 1;
			};
			name = Debug;
		};
		02A1B0C82C2C0331001045BB /* Release */ = {
			isa = XCBuildConfiguration;
			buildSettings = {
				ASSETCATALOG_COMPILER_APPICON_NAME = AppIcon;
				ASSETCATALOG_COMPILER_GLOBAL_ACCENT_COLOR_NAME = AccentColor;
				CODE_SIGN_STYLE = Automatic;
				CURRENT_PROJECT_VERSION = 1;
				DEVELOPMENT_ASSET_PATHS = "\"sublimfood/Preview Content\"";
				DEVELOPMENT_TEAM = 3AXZGTW2X8;
				ENABLE_PREVIEWS = YES;
				GENERATE_INFOPLIST_FILE = YES;
				INFOPLIST_KEY_UIApplicationSceneManifest_Generation = YES;
				INFOPLIST_KEY_UIApplicationSupportsIndirectInputEvents = YES;
				INFOPLIST_KEY_UILaunchScreen_Generation = YES;
				INFOPLIST_KEY_UIStatusBarStyle = UIStatusBarStyleDefault;
				INFOPLIST_KEY_UISupportedInterfaceOrientations = UIInterfaceOrientationPortrait;
				LD_RUNPATH_SEARCH_PATHS = (
					"$(inherited)",
					"@executable_path/Frameworks",
				);
				MARKETING_VERSION = 1.0;
				PRODUCT_BUNDLE_IDENTIFIER = com.sublimfood.sublimfood;
				PRODUCT_NAME = "$(TARGET_NAME)";
				SUPPORTED_PLATFORMS = "iphoneos iphonesimulator";
				SUPPORTS_MACCATALYST = NO;
				SUPPORTS_MAC_DESIGNED_FOR_IPHONE_IPAD = NO;
				SUPPORTS_XR_DESIGNED_FOR_IPHONE_IPAD = NO;
				SWIFT_EMIT_LOC_STRINGS = YES;
				SWIFT_VERSION = 5.0;
				TARGETED_DEVICE_FAMILY = 1;
			};
			name = Release;
		};
/* End XCBuildConfiguration section */

/* Begin XCConfigurationList section */
		02A1B0B32C2C032F001045BB /* Build configuration list for PBXProject "sublimfood" */ = {
			isa = XCConfigurationList;
			buildConfigurations = (
				02A1B0C42C2C0331001045BB /* Debug */,
				02A1B0C52C2C0331001045BB /* Release */,
			);
			defaultConfigurationIsVisible = 0;
			defaultConfigurationName = Release;
		};
		02A1B0C62C2C0331001045BB /* Build configuration list for PBXNativeTarget "sublimfood" */ = {
			isa = XCConfigurationList;
			buildConfigurations = (
				02A1B0C72C2C0331001045BB /* Debug */,
				02A1B0C82C2C0331001045BB /* Release */,
			);
			defaultConfigurationIsVisible = 0;
			defaultConfigurationName = Release;
		};
/* End XCConfigurationList section */
	};
	rootObject = 02A1B0B02C2C032F001045BB /* Project object */;
}
